PODS:
  - BBBadgeBarButtonItem (1.2)
  - CarbonKit (2.1.10)
  - Gaikan (0.9.1):
    - KVOController (~> 1.x)
  - KVOController (1.2.0)
  - MMTabBarAnimation (0.2.9)
  - Nuke (5.1.1)
  - Spring (1.0.3)
  - SwifterSwift (3.1.0):
    - SwifterSwift/Cocoa (= 3.1.0)
    - SwifterSwift/Foundation (= 3.1.0)
    - SwifterSwift/UIKit (= 3.1.0)
  - SwifterSwift/Cocoa (3.1.0)
  - SwifterSwift/Foundation (3.1.0)
  - SwifterSwift/UIKit (3.1.0)
  - SwiftHEXColors (1.1.0)

DEPENDENCIES:
  - BBBadgeBarButtonItem
  - CarbonKit
  - Gaikan
  - MMTabBarAnimation
  - Nuke
  - Spring (from `https://github.com/MengTo/Spring.git`, branch `swift3`)
  - SwifterSwift
  - SwiftHEXColors

EXTERNAL SOURCES:
  Spring:
    :branch: swift3
    :git: https://github.com/MengTo/Spring.git

CHECKOUT OPTIONS:
  Spring:
    :commit: 8201b5c93bd7ebdf4cd18160bcde1e6e88c2be64
    :git: https://github.com/MengTo/Spring.git

SPEC CHECKSUMS:
  BBBadgeBarButtonItem: c2fbca0bff18e21b70defc9438a8a5048008e7ca
  CarbonKit: f5037447bf6fcb9b41800ba8d991cd779575a9d7
  Gaikan: b1aaf53a23fce9b98ff6b3f8907b1f4c5ff0d91d
  KVOController: d72ace34afea42468329623b3379ab3cd1d286b6
  MMTabBarAnimation: 1d810a99d32b109afdf77cd0a20a19981c1e8598
  Nuke: 0a2ddb4bd13d75782964bf598a159ca2a836d826
  Spring: 3f02b5dc3308572ef177b3cad0fa7bbc4b0706f7
  SwifterSwift: f84eb7308f7742724b3cbf84283ce00f7c06d7fc
  SwiftHEXColors: 8f7e364df7929e32cff9f9eeb044bb215167d6be

PODFILE CHECKSUM: 99262c83e2084a050e42dce567887050f991c5d9

COCOAPODS: 1.3.1
